// !$*UTF8*$!
{
	archiveVersion = 1;
	classes = {
	};
	objectVersion = 46;
	objects = {

/* Begin PBXBuildFile section */
		79A31F2B1DFF2DF400579ECA /* AppDelegate.swift in Sources */ = {isa = PBXBuildFile; fileRef = 79A31F2A1DFF2DF400579ECA /* AppDelegate.swift */; };
		79A31F2D1DFF2DF400579ECA /* ViewController.swift in Sources */ = {isa = PBXBuildFile; fileRef = 79A31F2C1DFF2DF400579ECA /* ViewController.swift */; };
		79A31F461DFF2E2D00579ECA /* Afternoon Card Diagram.uxf in Resources */ = {isa = PBXBuildFile; fileRef = 79A31F3C1DFF2E2D00579ECA /* Afternoon Card Diagram.uxf */; };
		79A31F481DFF2E2D00579ECA /* Assets.xcassets in Resources */ = {isa = PBXBuildFile; fileRef = 79A31F3E1DFF2E2D00579ECA /* Assets.xcassets */; };
		79A31F491DFF2E2D00579ECA /* Base.lproj in Resources */ = {isa = PBXBuildFile; fileRef = 79A31F3F1DFF2E2D00579ECA /* Base.lproj */; };
		79A31F4A1DFF2E2D00579ECA /* Controller in Resources */ = {isa = PBXBuildFile; fileRef = 79A31F401DFF2E2D00579ECA /* Controller */; };
		79A31F4B1DFF2E2D00579ECA /* Deck.swift in Sources */ = {isa = PBXBuildFile; fileRef = 79A31F411DFF2E2D00579ECA /* Deck.swift */; };
		79A31F4D1DFF2E2D00579ECA /* Model in Resources */ = {isa = PBXBuildFile; fileRef = 79A31F431DFF2E2D00579ECA /* Model */; };
		79A31F4E1DFF2E2D00579ECA /* PlayingCardDeck.swift in Sources */ = {isa = PBXBuildFile; fileRef = 79A31F441DFF2E2D00579ECA /* PlayingCardDeck.swift */; };
		79A31F4F1DFF2E2D00579ECA /* View in Resources */ = {isa = PBXBuildFile; fileRef = 79A31F451DFF2E2D00579ECA /* View */; };
/* End PBXBuildFile section */

/* Begin PBXFileReference section */
		79A31F271DFF2DF400579ECA /* UpdatedCardGame.app */ = {isa = PBXFileReference; explicitFileType = wrapper.application; includeInIndex = 0; path = UpdatedCardGame.app; sourceTree = BUILT_PRODUCTS_DIR; };
		79A31F2A1DFF2DF400579ECA /* AppDelegate.swift */ = {isa = PBXFileReference; lastKnownFileType = sourcecode.swift; path = AppDelegate.swift; sourceTree = "<group>"; };
		79A31F2C1DFF2DF400579ECA /* ViewController.swift */ = {isa = PBXFileReference; lastKnownFileType = sourcecode.swift; path = ViewController.swift; sourceTree = "<group>"; };
		79A31F361DFF2DF400579ECA /* Info.plist */ = {isa = PBXFileReference; lastKnownFileType = text.plist.xml; path = Info.plist; sourceTree = "<group>"; };
		79A31F3C1DFF2E2D00579ECA /* Afternoon Card Diagram.uxf */ = {isa = PBXFileReference; fileEncoding = 4; lastKnownFileType = text.xml; name = "Afternoon Card Diagram.uxf"; path = "../../CardGame/Afternoon Card Diagram.uxf"; sourceTree = "<group>"; };
		79A31F3E1DFF2E2D00579ECA /* Assets.xcassets */ = {isa = PBXFileReference; lastKnownFileType = folder.assetcatalog; name = Assets.xcassets; path = ../../CardGame/Assets.xcassets; sourceTree = "<group>"; };
		79A31F3F1DFF2E2D00579ECA /* Base.lproj */ = {isa = PBXFileReference; lastKnownFileType = folder; name = Base.lproj; path = ../../CardGame/Base.lproj; sourceTree = "<group>"; };
		79A31F401DFF2E2D00579ECA /* Controller */ = {isa = PBXFileReference; lastKnownFileType = folder; name = Controller; path = ../../CardGame/Controller; sourceTree = "<group>"; };
		79A31F411DFF2E2D00579ECA /* Deck.swift */ = {isa = PBXFileReference; fileEncoding = 4; lastKnownFileType = sourcecode.swift; name = Deck.swift; path = ../../CardGame/Deck.swift; sourceTree = "<group>"; };
		79A31F431DFF2E2D00579ECA /* Model */ = {isa = PBXFileReference; lastKnownFileType = folder; name = Model; path = ../../CardGame/Model; sourceTree = "<group>"; };
		79A31F441DFF2E2D00579ECA /* PlayingCardDeck.swift */ = {isa = PBXFileReference; fileEncoding = 4; lastKnownFileType = sourcecode.swift; name = PlayingCardDeck.swift; path = ../../CardGame/PlayingCardDeck.swift; sourceTree = "<group>"; };
		79A31F451DFF2E2D00579ECA /* View */ = {isa = PBXFileReference; lastKnownFileType = folder; name = View; path = ../../CardGame/View; sourceTree = "<group>"; };
/* End PBXFileReference section */

/* Begin PBXFrameworksBuildPhase section */
		79A31F241DFF2DF400579ECA /* Frameworks */ = {
			isa = PBXFrameworksBuildPhase;
			buildActionMask = 2147483647;
			files = (
			);
			runOnlyForDeploymentPostprocessing = 0;
		};
/* End PBXFrameworksBuildPhase section */

/* Begin PBXGroup section */
		79A31F1E1DFF2DF400579ECA = {
			isa = PBXGroup;
			children = (
				79A31F291DFF2DF400579ECA /* UpdatedCardGame */,
				79A31F281DFF2DF400579ECA /* Products */,
			);
			sourceTree = "<group>";
		};
		79A31F281DFF2DF400579ECA /* Products */ = {
			isa = PBXGroup;
			children = (
				79A31F271DFF2DF400579ECA /* UpdatedCardGame.app */,
			);
			name = Products;
			sourceTree = "<group>";
		};
		79A31F291DFF2DF400579ECA /* UpdatedCardGame */ = {
			isa = PBXGroup;
			children = (
				79A31F3C1DFF2E2D00579ECA /* Afternoon Card Diagram.uxf */,
				79A31F3E1DFF2E2D00579ECA /* Assets.xcassets */,
				79A31F3F1DFF2E2D00579ECA /* Base.lproj */,
				79A31F401DFF2E2D00579ECA /* Controller */,
				79A31F411DFF2E2D00579ECA /* Deck.swift */,
				79A31F431DFF2E2D00579ECA /* Model */,
				79A31F441DFF2E2D00579ECA /* PlayingCardDeck.swift */,
				79A31F451DFF2E2D00579ECA /* View */,
				79A31F2A1DFF2DF400579ECA /* AppDelegate.swift */,
				79A31F2C1DFF2DF400579ECA /* ViewController.swift */,
				79A31F361DFF2DF400579ECA /* Info.plist */,
			);
			path = UpdatedCardGame;
			sourceTree = "<group>";
		};
/* End PBXGroup section */

/* Begin PBXNativeTarget section */
		79A31F261DFF2DF400579ECA /* UpdatedCardGame */ = {
			isa = PBXNativeTarget;
			buildConfigurationList = 79A31F391DFF2DF400579ECA /* Build configuration list for PBXNativeTarget "UpdatedCardGame" */;
			buildPhases = (
				79A31F231DFF2DF400579ECA /* Sources */,
				79A31F241DFF2DF400579ECA /* Frameworks */,
				79A31F251DFF2DF400579ECA /* Resources */,
			);
			buildRules = (
			);
			dependencies = (
			);
			name = UpdatedCardGame;
			productName = UpdatedCardGame;
			productReference = 79A31F271DFF2DF400579ECA /* UpdatedCardGame.app */;
			productType = "com.apple.product-type.application";
		};
/* End PBXNativeTarget section */

/* Begin PBXProject section */
		79A31F1F1DFF2DF400579ECA /* Project object */ = {
			isa = PBXProject;
			attributes = {
				LastSwiftUpdateCheck = 0810;
				LastUpgradeCheck = 0810;
				ORGANIZATIONNAME = "Morris, Seth";
				TargetAttributes = {
					79A31F261DFF2DF400579ECA = {
						CreatedOnToolsVersion = 8.1;
						ProvisioningStyle = Automatic;
					};
				};
			};
			buildConfigurationList = 79A31F221DFF2DF400579ECA /* Build configuration list for PBXProject "UpdatedCardGame" */;
			compatibilityVersion = "Xcode 3.2";
			developmentRegion = English;
			hasScannedForEncodings = 0;
			knownRegions = (
				en,
				Base,
			);
			mainGroup = 79A31F1E1DFF2DF400579ECA;
			productRefGroup = 79A31F281DFF2DF400579ECA /* Products */;
			projectDirPath = "";
			projectRoot = "";
			targets = (
				79A31F261DFF2DF400579ECA /* UpdatedCardGame */,
			);
		};
/* End PBXProject section */

/* Begin PBXResourcesBuildPhase section */
		79A31F251DFF2DF400579ECA /* Resources */ = {
			isa = PBXResourcesBuildPhase;
			buildActionMask = 2147483647;
			files = (
				79A31F4F1DFF2E2D00579ECA /* View in Resources */,
				79A31F461DFF2E2D00579ECA /* Afternoon Card Diagram.uxf in Resources */,
				79A31F4A1DFF2E2D00579ECA /* Controller in Resources */,
				79A31F4D1DFF2E2D00579ECA /* Model in Resources */,
				79A31F491DFF2E2D00579ECA /* Base.lproj in Resources */,
				79A31F481DFF2E2D00579ECA /* Assets.xcassets in Resources */,
			);
			runOnlyForDeploymentPostprocessing = 0;
		};
/* End PBXResourcesBuildPhase section */

/* Begin PBXSourcesBuildPhase section */
		79A31F231DFF2DF400579ECA /* Sources */ = {
			isa = PBXSourcesBuildPhase;
			buildActionMask = 2147483647;
			files = (
				79A31F4B1DFF2E2D00579ECA /* Deck.swift in Sources */,
				79A31F4E1DFF2E2D00579ECA /* PlayingCardDeck.swift in Sources */,
				79A31F2D1DFF2DF400579ECA /* ViewController.swift in Sources */,
				79A31F2B1DFF2DF400579ECA /* AppDelegate.swift in Sources */,
			);
			runOnlyForDeploymentPostprocessing = 0;
		};
/* End PBXSourcesBuildPhase section */

/* Begin XCBuildConfiguration section */
		79A31F371DFF2DF400579ECA /* Debug */ = {
			isa = XCBuildConfiguration;
			buildSettings = {
				ALWAYS_SEARCH_USER_PATHS = NO;
				CLANG_ANALYZER_NONNULL = YES;
				CLANG_CXX_LANGUAGE_STANDARD = "gnu++0x";
				CLANG_CXX_LIBRARY = "libc++";
				CLANG_ENABLE_MODULES = YES;
				CLANG_ENABLE_OBJC_ARC = YES;
				CLANG_WARN_BOOL_CONVERSION = YES;
				CLANG_WARN_CONSTANT_CONVERSION = YES;
				CLANG_WARN_DIRECT_OBJC_ISA_USAGE = YES_ERROR;
				CLANG_WARN_DOCUMENTATION_COMMENTS = YES;
				CLANG_WARN_EMPTY_BODY = YES;
				CLANG_WARN_ENUM_CONVERSION = YES;
				CLANG_WARN_INFINITE_RECURSION = YES;
				CLANG_WARN_INT_CONVERSION = YES;
				CLANG_WARN_OBJC_ROOT_CLASS = YES_ERROR;
				CLANG_WARN_SUSPICIOUS_MOVES = YES;
				CLANG_WARN_UNREACHABLE_CODE = YES;
				CLANG_WARN__DUPLICATE_METHOD_MATCH = YES;
				"CODE_SIGN_IDENTITY[sdk=iphoneos*]" = "iPhone Developer";
				COPY_PHASE_STRIP = NO;
				DEBUG_INFORMATION_FORMAT = dwarf;
				ENABLE_STRICT_OBJC_MSGSEND = YES;
				ENABLE_TESTABILITY = YES;
				GCC_C_LANGUAGE_STANDARD = gnu99;
				GCC_DYNAMIC_NO_PIC = NO;
				GCC_NO_COMMON_BLOCKS = YES;
				GCC_OPTIMIZATION_LEVEL = 0;
				GCC_PREPROCESSOR_DEFINITIONS = (
					"DEBUG=1",
					"$(inherited)",
				);
				GCC_WARN_64_TO_32_BIT_CONVERSION = YES;
				GCC_WARN_ABOUT_RETURN_TYPE = YES_ERROR;
				GCC_WARN_UNDECLARED_SELECTOR = YES;
				GCC_WARN_UNINITIALIZED_AUTOS = YES_AGGRESSIVE;
				GCC_WARN_UNUSED_FUNCTION = YES;
				GCC_WARN_UNUSED_VARIABLE = YES;
				IPHONEOS_DEPLOYMENT_TARGET = 10.1;
				MTL_ENABLE_DEBUG_INFO = YES;
				ONLY_ACTIVE_ARCH = YES;
				SDKROOT = iphoneos;
				SWIFT_ACTIVE_COMPILATION_CONDITIONS = DEBUG;
				SWIFT_OPTIMIZATION_LEVEL = "-Onone";
				TARGETED_DEVICE_FAMILY = "1,2";
			};
			name = Debug;
		};
		79A31F381DFF2DF400579ECA /* Release */ = {
			isa = XCBuildConfiguration;
			buildSettings = {
				ALWAYS_SEARCH_USER_PATHS = NO;
				CLANG_ANALYZER_NONNULL = YES;
				CLANG_CXX_LANGUAGE_STANDARD = "gnu++0x";
				CLANG_CXX_LIBRARY = "libc++";
				CLANG_ENABLE_MODULES = YES;
				CLANG_ENABLE_OBJC_ARC = YES;
				CLANG_WARN_BOOL_CONVERSION = YES;
				CLANG_WARN_CONSTANT_CONVERSION = YES;
				CLANG_WARN_DIRECT_OBJC_ISA_USAGE = YES_ERROR;
				CLANG_WARN_DOCUMENTATION_COMMENTS = YES;
				CLANG_WARN_EMPTY_BODY = YES;
				CLANG_WARN_ENUM_CONVERSION = YES;
				CLANG_WARN_INFINITE_RECURSION = YES;
				CLANG_WARN_INT_CONVERSION = YES;
				CLANG_WARN_OBJC_ROOT_CLASS = YES_ERROR;
				CLANG_WARN_SUSPICIOUS_MOVES = YES;
				CLANG_WARN_UNREACHABLE_CODE = YES;
				CLANG_WARN__DUPLICATE_METHOD_MATCH = YES;
				"CODE_SIGN_IDENTITY[sdk=iphoneos*]" = "iPhone Developer";
				COPY_PHASE_STRIP = NO;
				DEBUG_INFORMATION_FORMAT = "dwarf-with-dsym";
				ENABLE_NS_ASSERTIONS = NO;
				ENABLE_STRICT_OBJC_MSGSEND = YES;
				GCC_C_LANGUAGE_STANDARD = gnu99;
				GCC_NO_COMMON_BLOCKS = YES;
				GCC_WARN_64_TO_32_BIT_CONVERSION = YES;
				GCC_WARN_ABOUT_RETURN_TYPE = YES_ERROR;
				GCC_WARN_UNDECLARED_SELECTOR = YES;
				GCC_WARN_UNINITIALIZED_AUTOS = YES_AGGRESSIVE;
				GCC_WARN_UNUSED_FUNCTION = YES;
				GCC_WARN_UNUSED_VARIABLE = YES;
				IPHONEOS_DEPLOYMENT_TARGET = 10.1;
				MTL_ENABLE_DEBUG_INFO = NO;
				SDKROOT = iphoneos;
				SWIFT_OPTIMIZATION_LEVEL = "-Owholemodule";
				TARGETED_DEVICE_FAMILY = "1,2";
				VALIDATE_PRODUCT = YES;
			};
			name = Release;
		};
		79A31F3A1DFF2DF400579ECA /* Debug */ = {
			isa = XCBuildConfiguration;
			buildSettings = {
				ASSETCATALOG_COMPILER_APPICON_NAME = AppIcon;
				INFOPLIST_FILE = UpdatedCardGame/Info.plist;
				LD_RUNPATH_SEARCH_PATHS = "$(inherited) @executable_path/Frameworks";
				PRODUCT_BUNDLE_IDENTIFIER = CTEC.UpdatedCardGame;
				PRODUCT_NAME = "$(TARGET_NAME)";
				SWIFT_VERSION = 3.0;
			};
			name = Debug;
		};
		79A31F3B1DFF2DF400579ECA /* Release */ = {
			isa = XCBuildConfiguration;
			buildSettings = {
				ASSETCATALOG_COMPILER_APPICON_NAME = AppIcon;
				INFOPLIST_FILE = UpdatedCardGame/Info.plist;
				LD_RUNPATH_SEARCH_PATHS = "$(inherited) @executable_path/Frameworks";
				PRODUCT_BUNDLE_IDENTIFIER = CTEC.UpdatedCardGame;
				PRODUCT_NAME = "$(TARGET_NAME)";
				SWIFT_VERSION = 3.0;
			};
			name = Release;
		};
/* End XCBuildConfiguration section */

/* Begin XCConfigurationList section */
		79A31F221DFF2DF400579ECA /* Build configuration list for PBXProject "UpdatedCardGame" */ = {
			isa = XCConfigurationList;
			buildConfigurations = (
				79A31F371DFF2DF400579ECA /* Debug */,
				79A31F381DFF2DF400579ECA /* Release */,
			);
			defaultConfigurationIsVisible = 0;
			defaultConfigurationName = Release;
		};
		79A31F391DFF2DF400579ECA /* Build configuration list for PBXNativeTarget "UpdatedCardGame" */ = {
			isa = XCConfigurationList;
			buildConfigurations = (
				79A31F3A1DFF2DF400579ECA /* Debug */,
				79A31F3B1DFF2DF400579ECA /* Release */,
			);
			defaultConfigurationIsVisible = 0;
		};
/* End XCConfigurationList section */
	};
	rootObject = 79A31F1F1DFF2DF400579ECA /* Project object */;
}
